<?xml version="1.0" encoding="UTF-8" standalone="yes" ?>
<CodeBlocks_project_file>
	<FileVersion major="1" minor="6" />
	<Project>
		<Option title="cAudio" />
		<Option pch_mode="2" />
		<Option compiler="gcc" />
		<Build>
			<Target title="Release">
				<Option output="bin\gcc\cAudio" prefix_auto="1" extension_auto="1" />
				<Option object_output="obj\gcc\" />
				<Option type="3" />
				<Option compiler="gcc" />
				<Option createStaticLib="1" />
				<Compiler>
					<Add option="-O3" />
					<Add option="-DHAVE_MALLOC_H" />
					<Add directory="include" />
					<Add directory="Headers" />
					<Add directory="dependencies\Headers" />
					<Add directory="dependencies\Headers\ALUT" />
					<Add directory="dependencies\Headers\ALUT\AL" />
					<Add directory="dependencies\Headers\AL" />
				</Compiler>
				<Linker>
					<Add option="-s" />
					<Add library="vorbisfile" />
					<Add library="vorbisenc" />
					<Add library="vorbis" />
					<Add library="ogg" />
					<Add library="bin\alut.dll" />
					<Add library="bin\OpenAL32.dll" />
				</Linker>
			</Target>
			<Target title="Release Visual">
				<Option output="bin\visual\cAudio" prefix_auto="1" extension_auto="1" />
				<Option object_output="obj\visual\" />
				<Option type="3" />
				<Option compiler="msvc8" />
				<Option createStaticLib="1" />
				<Compiler>
					<Add option="/EHc" />
					<Add option="/EHa" />
					<Add option="/EHs" />
					<Add option="/Ot" />
					<Add option="/O2" />
					<Add directory="include" />
					<Add directory="Headers" />
					<Add directory="dependencies\Headers" />
					<Add directory="dependencies\Headers\ALUT" />
					<Add directory="dependencies\Headers\ALUT\AL" />
					<Add directory="dependencies\Headers\AL" />
				</Compiler>
				<Linker>
					<Add option="-s" />
					<Add library="vorbisfile_static" />
					<Add library="vorbisenc_static" />
					<Add library="vorbis_static" />
					<Add library="ogg_static" />
					<Add library="alut" />
					<Add library="OpenAL32" />
				</Linker>
			</Target>
		</Build>
		<VirtualTargets>
			<Add alias="ALL" targets="Release;Release Visual;" />
		</VirtualTargets>
		<Compiler>
			<Add option="-DCOMPILE_FOR_WINDOWS" />
			<Add option="-DCAUDIO_EXPORTS" />
		</Compiler>
		<Linker>
			<Add directory="dependencies\Libs\windows" />
		</Linker>
		<Unit filename="Headers\cAudio.h" />
		<Unit filename="Headers\cAudioManager.h" />
		<Unit filename="Headers\cFileSource.h" />
		<Unit filename="Headers\cListener.h" />
		<Unit filename="Headers\cMemorySource.h" />
		<Unit filename="Headers\cOggAudioDecoderFactory.h" />
		<Unit filename="Headers\cOggDecoder.h" />
		<Unit filename="Headers\cUtils.h" />
		<Unit filename="Headers\cWavAudioDecoderFacotry.h" />
		<Unit filename="Headers\cWavDecoder.h" />
		<Unit filename="Source\cAudio.cpp" />
		<Unit filename="Source\cAudioManager.cpp" />
		<Unit filename="Source\cFileSource.cpp" />
		<Unit filename="Source\cListener.cpp" />
		<Unit filename="Source\cMemorySource.cpp" />
		<Unit filename="Source\cOggAudioDecoderFactory.cpp" />
		<Unit filename="Source\cOggDecoder.cpp" />
		<Unit filename="Source\cWavAudioDecoderFactory.cpp" />
		<Unit filename="Source\cWavDecoder.cpp" />
		<Unit filename="include\IAudio.h" />
		<Unit filename="include\IAudioDecoder.h" />
		<Unit filename="include\IAudioDecoderFactory.h" />
		<Unit filename="include\IAudioManager.h" />
		<Unit filename="include\IDataSource.h" />
		<Unit filename="include\IListener.h" />
		<Extensions>
			<code_completion />
			<debugger />
		</Extensions>
	</Project>
</CodeBlocks_project_file>
