<?xml version="1.0" encoding="UTF-8" standalone="yes" ?>
<CodeBlocks_project_file>
	<FileVersion major="1" minor="6" />
	<Project>
		<Option title="Tutorial2:3DSound" />
		<Option pch_mode="2" />
		<Option compiler="gcc" />
		<Build>
			<Target title="Debug">
				<Option output="../../bin/win32-gcc/Tutorial1_2DSound_d" prefix_auto="1" extension_auto="1" />
				<Option object_output="obj/Debug/" />
				<Option type="1" />
				<Option compiler="gcc" />
				<Compiler>
					<Add option="-g" />
				</Compiler>
				<Linker>
					<Add library="cAudio_d" />
				</Linker>
			</Target>
			<Target title="Release">
				<Option output="../../bin/win32-gcc/Tutorial1_2DSound" prefix_auto="1" extension_auto="1" />
				<Option object_output="obj/Release/" />
				<Option type="1" />
				<Option compiler="gcc" />
				<Compiler>
					<Add option="-O2" />
				</Compiler>
				<Linker>
					<Add option="-s" />
					<Add library="cAudio" />
				</Linker>
			</Target>
			<Target title="Debug Visual">
				<Option output="../../bin/win32-visual/Tutorial1_2DSound_d" prefix_auto="1" extension_auto="1" />
				<Option object_output="obj/visual" />
				<Option type="1" />
				<Option compiler="msvc8" />
				<Option use_console_runner="0" />
				<Compiler>
					<Add option="/Zi /D_DEBUG" />
				</Compiler>
				<Linker>
					<Add option="/DEBUG" />
					<Add library="cAudio_d.lib" />
					<Add directory="../../bin/win32-visual" />
				</Linker>
			</Target>
			<Target title="Release Visual">
				<Option output="../../bin/win32-visual/Tutorial1_2DSound" prefix_auto="1" extension_auto="1" />
				<Option object_output="obj/visual" />
				<Option type="1" />
				<Option compiler="msvc8" />
				<Option use_console_runner="0" />
				<Linker>
					<Add library="cAudio.lib" />
					<Add directory="../../bin/win32-visual" />
				</Linker>
			</Target>
			<Target title="Linux">
				<Option output="../../bin/gcc/Tutorial1_2DSound" prefix_auto="1" extension_auto="1" />
				<Option object_output="obj/Release/" />
				<Option type="1" />
				<Option compiler="gcc" />
				<Compiler>
					<Add option="-O2" />
				</Compiler>
				<Linker>
					<Add option="-s" />
					<Add library="cAudio" />
					<Add library="ogg" />
					<Add library="vorbisenc" />
					<Add library="vorbisfile" />
					<Add library="vorbis" />
					<Add library="openal" />
					<Add directory="../../bin/gcc" />
				</Linker>
			</Target>
		</Build>
		<Compiler>
			<Add option="-Wall" />
			<Add directory="../../../cAudio/include" />
		</Compiler>
		<Linker>
			<Add directory="../../bin/win32-gcc" />
			<Add directory="../../../cAudio/bin/gcc" />
		</Linker>
		<Unit filename="main.cpp" />
		<Extensions />
	</Project>
</CodeBlocks_project_file>
