<?xml version="1.0" encoding="UTF-8" standalone="yes" ?>
<CodeBlocks_project_file>
	<FileVersion major="1" minor="6" />
	<Project>
		<Option title="Tutorial:MemoryPlayback" />
		<Option pch_mode="2" />
		<Option compiler="gcc" />
		<Build>
			<Target title="Debug">
				<Option output="..\..\bin\win32-gcc\TutorialMemoryPlayback" prefix_auto="1" extension_auto="1" />
				<Option object_output="obj\Debug\" />
				<Option type="1" />
				<Option compiler="gcc" />
				<Compiler>
					<Add option="-g" />
				</Compiler>
			</Target>
			<Target title="Release">
				<Option output="..\..\bin\win32-gcc\TutorialMemoryPlayback" prefix_auto="1" extension_auto="1" />
				<Option object_output="obj\Release\" />
				<Option type="1" />
				<Option compiler="gcc" />
				<Compiler>
					<Add option="-O2" />
				</Compiler>
				<Linker>
					<Add option="-s" />
				</Linker>
			</Target>
			<Target title="Visual">
				<Option output="..\..\bin\win32-visual\TutorialMemoryPlayback" prefix_auto="1" extension_auto="1" />
				<Option object_output="obj\visual" />
				<Option type="1" />
				<Option compiler="msvc8" />
				<Option use_console_runner="0" />
				<Linker>
					<Add library="cAudio.lib" />
					<Add directory="..\..\bin\win32-visual" />
				</Linker>
			</Target>
		</Build>
		<Compiler>
			<Add option="-Wall" />
		</Compiler>
		<Linker>
			<Add library="cAudio" />
			<Add directory="..\..\bin\win32-gcc" />
		</Linker>
		<Unit filename="main.cpp" />
		<Extensions>
			<code_completion />
			<debugger />
		</Extensions>
	</Project>
</CodeBlocks_project_file>
